
Microsoft Visual Studio Solution File, Format Version 12.00
# Visual Studio 14
VisualStudioVersion = 14.0.25420.1
MinimumVisualStudioVersion = 10.0.40219.1
Project("{FAE04EC0-301F-11D3-BF4B-00C04F79EFBC}") = "Architecture.Operation.Web.SystemManagement", "Architecture.Operation.Web.SystemManagement\Architecture.Operation.Web.SystemManagement.csproj", "{E78F791E-C73A-4654-9083-C46A1B9B6A50}"
EndProject
Project("{FAE04EC0-301F-11D3-BF4B-00C04F79EFBC}") = "Architecture.Web.SystemManagement", "Architecture.Web.SystemManagement\Architecture.Web.SystemManagement.csproj", "{0B64D7F7-FC7E-4662-8D45-64C6C8987DAE}"
EndProject
Global
	GlobalSection(SolutionConfigurationPlatforms) = preSolution
		Debug|Any CPU = Debug|Any CPU
		Release|Any CPU = Release|Any CPU
	EndGlobalSection
	GlobalSection(ProjectConfigurationPlatforms) = postSolution
		{E78F791E-C73A-4654-9083-C46A1B9B6A50}.Debug|Any CPU.ActiveCfg = Debug|Any CPU
		{E78F791E-C73A-4654-9083-C46A1B9B6A50}.Debug|Any CPU.Build.0 = Debug|Any CPU
		{E78F791E-C73A-4654-9083-C46A1B9B6A50}.Release|Any CPU.ActiveCfg = Release|Any CPU
		{E78F791E-C73A-4654-9083-C46A1B9B6A50}.Release|Any CPU.Build.0 = Release|Any CPU
		{0B64D7F7-FC7E-4662-8D45-64C6C8987DAE}.Debug|Any CPU.ActiveCfg = Debug|Any CPU
		{0B64D7F7-FC7E-4662-8D45-64C6C8987DAE}.Debug|Any CPU.Build.0 = Debug|Any CPU
		{0B64D7F7-FC7E-4662-8D45-64C6C8987DAE}.Release|Any CPU.ActiveCfg = Release|Any CPU
		{0B64D7F7-FC7E-4662-8D45-64C6C8987DAE}.Release|Any CPU.Build.0 = Release|Any CPU
	EndGlobalSection
	GlobalSection(SolutionProperties) = preSolution
		HideSolutionNode = FALSE
	EndGlobalSection
EndGlobal
